
Microsoft Visual Studio Solution File, Format Version 12.00
# Visual Studio Version 16
VisualStudioVersion = 16.0.30717.126
MinimumVisualStudioVersion = 10.0.40219.1
Project("{9A19103F-16F7-4668-BE54-9A1E7A4F7556}") = "OdeToFood", "OdeToFood\OdeToFood.csproj", "{20F403C1-2DA6-48AE-85A1-3252E3AC253D}"
EndProject
Project("{9A19103F-16F7-4668-BE54-9A1E7A4F7556}") = "OdeToFood.Core", "OdeToFood.Core\OdeToFood.Core.csproj", "{CCB83F3B-4B49-4378-B093-EC0F4BFFBC38}"
EndProject
Project("{9A19103F-16F7-4668-BE54-9A1E7A4F7556}") = "OdeToFood.Data", "OdeToFood.Data\OdeToFood.Data.csproj", "{7D16A86A-E595-4189-9638-043B1368328B}"
EndProject
Global
	GlobalSection(SolutionConfigurationPlatforms) = preSolution
		Debug|Any CPU = Debug|Any CPU
		Release|Any CPU = Release|Any CPU
	EndGlobalSection
	GlobalSection(ProjectConfigurationPlatforms) = postSolution
		{20F403C1-2DA6-48AE-85A1-3252E3AC253D}.Debug|Any CPU.ActiveCfg = Debug|Any CPU
		{20F403C1-2DA6-48AE-85A1-3252E3AC253D}.Debug|Any CPU.Build.0 = Debug|Any CPU
		{20F403C1-2DA6-48AE-85A1-3252E3AC253D}.Release|Any CPU.ActiveCfg = Release|Any CPU
		{20F403C1-2DA6-48AE-85A1-3252E3AC253D}.Release|Any CPU.Build.0 = Release|Any CPU
		{CCB83F3B-4B49-4378-B093-EC0F4BFFBC38}.Debug|Any CPU.ActiveCfg = Debug|Any CPU
		{CCB83F3B-4B49-4378-B093-EC0F4BFFBC38}.Debug|Any CPU.Build.0 = Debug|Any CPU
		{CCB83F3B-4B49-4378-B093-EC0F4BFFBC38}.Release|Any CPU.ActiveCfg = Release|Any CPU
		{CCB83F3B-4B49-4378-B093-EC0F4BFFBC38}.Release|Any CPU.Build.0 = Release|Any CPU
		{7D16A86A-E595-4189-9638-043B1368328B}.Debug|Any CPU.ActiveCfg = Debug|Any CPU
		{7D16A86A-E595-4189-9638-043B1368328B}.Debug|Any CPU.Build.0 = Debug|Any CPU
		{7D16A86A-E595-4189-9638-043B1368328B}.Release|Any CPU.ActiveCfg = Release|Any CPU
		{7D16A86A-E595-4189-9638-043B1368328B}.Release|Any CPU.Build.0 = Release|Any CPU
	EndGlobalSection
	GlobalSection(SolutionProperties) = preSolution
		HideSolutionNode = FALSE
	EndGlobalSection
	GlobalSection(ExtensibilityGlobals) = postSolution
		SolutionGuid = {EEA8DAF9-DCE5-4534-B4E0-3F993F6F95FD}
	EndGlobalSection
EndGlobal
